# THIS IS AN AUTOGENERATED FILE. DO NOT EDIT THIS FILE DIRECTLY.
# yarn lockfile v1


uik-framework@0.2.4:
  version "0.2.4"
  resolved "https://registry.yarnpkg.com/uik-framework/-/uik-framework-0.2.4.tgz#0a894202d48d5d03e8384177543f2fd789a00308"
  integrity sha512-MNAqqyIvdKVN2cF6RgojWH2u4w+LB27NKQi9VVL3ylRQ0I87pPnMhW99eqZp+zDWYmxtUlImX/1LX5w4XxOb1w==
